
Microsoft Visual Studio Solution File, Format Version 12.00
# Visual Studio Version 17
VisualStudioVersion = 17.9.34714.143
MinimumVisualStudioVersion = 10.0.40219.1
Project("{9A19103F-16F7-4668-BE54-9A1E7A4F7556}") = "ApplicationCore", "ApplicationCore\ApplicationCore.csproj", "{BE6B3722-F576-49E4-AED5-DA90AEC13AE0}"
EndProject
Project("{9A19103F-16F7-4668-BE54-9A1E7A4F7556}") = "Infrastructure", "Infrastructure\Infrastructure.csproj", "{8B642451-98ED-4D19-B01E-9E32B1817C43}"
EndProject
Project("{9A19103F-16F7-4668-BE54-9A1E7A4F7556}") = "WebAPI", "WebAPI\WebAPI.csproj", "{56AC8E56-7278-46DA-9849-A447715C7B1D}"
EndProject
Project("{2150E333-8FDC-42A3-9474-1A3956D46DE8}") = "Solution Items", "Solution Items", "{6E84153E-F9B7-488B-B5D6-15EB9774BF4F}"
	ProjectSection(SolutionItems) = preProject
		README.md = README.md
	EndProjectSection
EndProject
Global
	GlobalSection(SolutionConfigurationPlatforms) = preSolution
		Debug|Any CPU = Debug|Any CPU
		Release|Any CPU = Release|Any CPU
	EndGlobalSection
	GlobalSection(ProjectConfigurationPlatforms) = postSolution
		{BE6B3722-F576-49E4-AED5-DA90AEC13AE0}.Debug|Any CPU.ActiveCfg = Debug|Any CPU
		{BE6B3722-F576-49E4-AED5-DA90AEC13AE0}.Debug|Any CPU.Build.0 = Debug|Any CPU
		{BE6B3722-F576-49E4-AED5-DA90AEC13AE0}.Release|Any CPU.ActiveCfg = Release|Any CPU
		{BE6B3722-F576-49E4-AED5-DA90AEC13AE0}.Release|Any CPU.Build.0 = Release|Any CPU
		{8B642451-98ED-4D19-B01E-9E32B1817C43}.Debug|Any CPU.ActiveCfg = Debug|Any CPU
		{8B642451-98ED-4D19-B01E-9E32B1817C43}.Debug|Any CPU.Build.0 = Debug|Any CPU
		{8B642451-98ED-4D19-B01E-9E32B1817C43}.Release|Any CPU.ActiveCfg = Release|Any CPU
		{8B642451-98ED-4D19-B01E-9E32B1817C43}.Release|Any CPU.Build.0 = Release|Any CPU
		{56AC8E56-7278-46DA-9849-A447715C7B1D}.Debug|Any CPU.ActiveCfg = Debug|Any CPU
		{56AC8E56-7278-46DA-9849-A447715C7B1D}.Debug|Any CPU.Build.0 = Debug|Any CPU
		{56AC8E56-7278-46DA-9849-A447715C7B1D}.Release|Any CPU.ActiveCfg = Release|Any CPU
		{56AC8E56-7278-46DA-9849-A447715C7B1D}.Release|Any CPU.Build.0 = Release|Any CPU
	EndGlobalSection
	GlobalSection(SolutionProperties) = preSolution
		HideSolutionNode = FALSE
	EndGlobalSection
	GlobalSection(ExtensibilityGlobals) = postSolution
		SolutionGuid = {5A688AB9-DA4C-40B6-B9A5-0DE26BA33E80}
	EndGlobalSection
EndGlobal
